{
  "name": "week7",
  "lockfileVersion": 3,
  "requires": true,
  "packages": {
    "": {
      "dependencies": {
        "routes": "^2.1.0"
      }
    },
    "node_modules/routes": {
      "version": "2.1.0",
      "resolved": "https://registry.npmjs.org/routes/-/routes-2.1.0.tgz",
      "integrity": "sha512-ipKiJOw1LUmlfusmWq0XWGJRVT4FdB8ymKvct2OpjN6lXYQa7W/tJjD75W7bzYghdfV1eObdM3Gh7vuVwttPcA==",
      "engines": {
        "node": "*"
      }
    }
  }
}
